
Microsoft Visual Studio Solution File, Format Version 12.00
# Visual Studio 15
VisualStudioVersion = 15.0.28307.136
MinimumVisualStudioVersion = 10.0.40219.1
Project("{FAE04EC0-301F-11D3-BF4B-00C04F79EFBC}") = "TestingUserRoles.WebMVC", "TestingUserRoles.WebMVC\TestingUserRoles.WebMVC.csproj", "{A526D67F-77B7-4230-9064-F5ADE6B1EDB3}"
EndProject
Global
	GlobalSection(SolutionConfigurationPlatforms) = preSolution
		Debug|Any CPU = Debug|Any CPU
		Release|Any CPU = Release|Any CPU
	EndGlobalSection
	GlobalSection(ProjectConfigurationPlatforms) = postSolution
		{A526D67F-77B7-4230-9064-F5ADE6B1EDB3}.Debug|Any CPU.ActiveCfg = Debug|Any CPU
		{A526D67F-77B7-4230-9064-F5ADE6B1EDB3}.Debug|Any CPU.Build.0 = Debug|Any CPU
		{A526D67F-77B7-4230-9064-F5ADE6B1EDB3}.Release|Any CPU.ActiveCfg = Release|Any CPU
		{A526D67F-77B7-4230-9064-F5ADE6B1EDB3}.Release|Any CPU.Build.0 = Release|Any CPU
	EndGlobalSection
	GlobalSection(SolutionProperties) = preSolution
		HideSolutionNode = FALSE
	EndGlobalSection
	GlobalSection(ExtensibilityGlobals) = postSolution
		SolutionGuid = {3F868AA3-8D65-43E5-92E2-809E8E48A526}
	EndGlobalSection
EndGlobal
